# This file is autogenerated, do not edit; changes may be undone by the next 'dep ensure'.


[[projects]]
  name = "github.com/Knetic/govaluate"
  packages = ["."]
  revision = "d216395917cc49052c7c7094cf57f09657ca08a8"
  version = "v3.0.0"

[[projects]]
  name = "github.com/alexedwards/scs"
  packages = ["engine/memstore","session"]
  revision = "0fdd3ef0cedf798548a2a904932bc0b4e13ee91b"
  version = "v0.1.1"

[[projects]]
  name = "github.com/casbin/casbin"
  packages = [".","config","file-adapter","model","persist","rbac","util"]
  revision = "9566491e9fe1898000031bba3e2b354dd633904a"
  version = "v1.3.0"

[[projects]]
  name = "github.com/patrickmn/go-cache"
  packages = ["."]
  revision = "a3647f8e31d79543b2d0f0ae2fe5c379d72cedc0"
  version = "v2.1.0"

[solve-meta]
  analyzer-name = "dep"
  analyzer-version = 1
  inputs-digest = "f43a2728630887923eac9e3666f80c2b0befda9a7bcc27b7ea74cc74ecf623bc"
  solver-name = "gps-cdcl"
  solver-version = 1
